
Microsoft Visual Studio Solution File, Format Version 12.00
# Visual Studio Version 17
VisualStudioVersion = 17.14.36127.28 d17.14
MinimumVisualStudioVersion = 10.0.40219.1
Project("{FAE04EC0-301F-11D3-BF4B-00C04F79EFBC}") = "presentacion", "presentacion\presentacion.csproj", "{0D6F3F18-F650-439E-8FFB-2800389779B8}"
EndProject
Project("{FAE04EC0-301F-11D3-BF4B-00C04F79EFBC}") = "datos", "datos\datos.csproj", "{EDE8EB48-1BDA-4AD2-8EE9-790DA53BD284}"
EndProject
Project("{FAE04EC0-301F-11D3-BF4B-00C04F79EFBC}") = "Negocios", "negocios\Negocios.csproj", "{4CB8AFED-BCA0-4DC4-BC83-82DAC56C7D0C}"
EndProject
Global
	GlobalSection(SolutionConfigurationPlatforms) = preSolution
		Debug|Any CPU = Debug|Any CPU
		Release|Any CPU = Release|Any CPU
	EndGlobalSection
	GlobalSection(ProjectConfigurationPlatforms) = postSolution
		{0D6F3F18-F650-439E-8FFB-2800389779B8}.Debug|Any CPU.ActiveCfg = Debug|Any CPU
		{0D6F3F18-F650-439E-8FFB-2800389779B8}.Debug|Any CPU.Build.0 = Debug|Any CPU
		{0D6F3F18-F650-439E-8FFB-2800389779B8}.Release|Any CPU.ActiveCfg = Release|Any CPU
		{0D6F3F18-F650-439E-8FFB-2800389779B8}.Release|Any CPU.Build.0 = Release|Any CPU
		{EDE8EB48-1BDA-4AD2-8EE9-790DA53BD284}.Debug|Any CPU.ActiveCfg = Debug|Any CPU
		{EDE8EB48-1BDA-4AD2-8EE9-790DA53BD284}.Debug|Any CPU.Build.0 = Debug|Any CPU
		{EDE8EB48-1BDA-4AD2-8EE9-790DA53BD284}.Release|Any CPU.ActiveCfg = Release|Any CPU
		{EDE8EB48-1BDA-4AD2-8EE9-790DA53BD284}.Release|Any CPU.Build.0 = Release|Any CPU
		{4CB8AFED-BCA0-4DC4-BC83-82DAC56C7D0C}.Debug|Any CPU.ActiveCfg = Debug|Any CPU
		{4CB8AFED-BCA0-4DC4-BC83-82DAC56C7D0C}.Debug|Any CPU.Build.0 = Debug|Any CPU
		{4CB8AFED-BCA0-4DC4-BC83-82DAC56C7D0C}.Release|Any CPU.ActiveCfg = Release|Any CPU
		{4CB8AFED-BCA0-4DC4-BC83-82DAC56C7D0C}.Release|Any CPU.Build.0 = Release|Any CPU
	EndGlobalSection
	GlobalSection(SolutionProperties) = preSolution
		HideSolutionNode = FALSE
	EndGlobalSection
	GlobalSection(ExtensibilityGlobals) = postSolution
		SolutionGuid = {6A1A4F0C-CE8A-48D1-91AC-CB5BDC95C918}
	EndGlobalSection
EndGlobal
